
Microsoft Visual Studio Solution File, Format Version 12.00
# Visual Studio Version 17
VisualStudioVersion = 17.5.33627.172
MinimumVisualStudioVersion = 10.0.40219.1
Project("{FAE04EC0-301F-11D3-BF4B-00C04F79EFBC}") = "WebApplication12", "WebApplication12\WebApplication12.csproj", "{042686BC-67FB-4998-93BF-D3056BAD3EFC}"
EndProject
Global
	GlobalSection(SolutionConfigurationPlatforms) = preSolution
		Debug|Any CPU = Debug|Any CPU
		Release|Any CPU = Release|Any CPU
	EndGlobalSection
	GlobalSection(ProjectConfigurationPlatforms) = postSolution
		{042686BC-67FB-4998-93BF-D3056BAD3EFC}.Debug|Any CPU.ActiveCfg = Debug|Any CPU
		{042686BC-67FB-4998-93BF-D3056BAD3EFC}.Debug|Any CPU.Build.0 = Debug|Any CPU
		{042686BC-67FB-4998-93BF-D3056BAD3EFC}.Release|Any CPU.ActiveCfg = Release|Any CPU
		{042686BC-67FB-4998-93BF-D3056BAD3EFC}.Release|Any CPU.Build.0 = Release|Any CPU
	EndGlobalSection
	GlobalSection(SolutionProperties) = preSolution
		HideSolutionNode = FALSE
	EndGlobalSection
	GlobalSection(ExtensibilityGlobals) = postSolution
		SolutionGuid = {085B5489-A151-40FB-8BC2-4EC726CAE076}
	EndGlobalSection
EndGlobal
 